
Microsoft Visual Studio Solution File, Format Version 12.00
# Visual Studio 15
VisualStudioVersion = 15.0.28307.1259
MinimumVisualStudioVersion = 10.0.40219.1
Project("{159641D6-6404-4A2A-AE62-294DE0FE8301}") = "DatosPersona", "DatosPersona\DatosPersona.dtproj", "{7A00A5C7-582C-4E40-A576-089F3A16813F}"
EndProject
Global
	GlobalSection(SolutionConfigurationPlatforms) = preSolution
		Development|Default = Development|Default
	EndGlobalSection
	GlobalSection(ProjectConfigurationPlatforms) = postSolution
		{7A00A5C7-582C-4E40-A576-089F3A16813F}.Development|Default.ActiveCfg = Development
		{7A00A5C7-582C-4E40-A576-089F3A16813F}.Development|Default.Build.0 = Development
	EndGlobalSection
	GlobalSection(SolutionProperties) = preSolution
		HideSolutionNode = FALSE
	EndGlobalSection
	GlobalSection(ExtensibilityGlobals) = postSolution
		SolutionGuid = {7AD183A3-921A-404E-A1E9-4F73D03473AE}
	EndGlobalSection
EndGlobal
